{
  "requires": true,
  "lockfileVersion": 1,
  "dependencies": {
    "boolbase": {
      "version": "1.0.0",
      "resolved": "https://registry.npmjs.org/boolbase/-/boolbase-1.0.0.tgz",
      "integrity": "sha1-aN/1++YMUes3cl6p4+0xDcwed24="
    },
    "cheerio": {
      "version": "0.19.0",
      "resolved": "https://registry.npmjs.org/cheerio/-/cheerio-0.19.0.tgz",
      "integrity": "sha1-dy5wFfLuKZZQltcepBdbdas1SSU=",
      "requires": {
        "css-select": "1.0.0",
        "dom-serializer": "0.1.0",
        "entities": "1.1.1",
        "htmlparser2": "3.8.3",
        "lodash": "3.10.1"
      }
    },
    "commonmark": {
      "version": "0.21.0",
      "resolved": "https://registry.npmjs.org/commonmark/-/commonmark-0.21.0.tgz",
      "integrity": "sha1-rWRrM1zV9fmJK2mAEp7ZljJvD20=",
      "requires": {
        "entities": "1.1.1",
        "mdurl": "1.0.1",
        "string.prototype.repeat": "0.2.0"
      }
    },
    "commonmark-helpers": {
      "version": "0.4.1",
      "resolved": "https://registry.npmjs.org/commonmark-helpers/-/commonmark-helpers-0.4.1.tgz",
      "integrity": "sha1-gDXSjdZMm65RkiCUi+qdabUEWTs=",
      "requires": {
        "commonmark": "0.21.0",
        "ramda": "0.17.1"
      }
    },
    "core-util-is": {
      "version": "1.0.2",
      "resolved": "https://registry.npmjs.org/core-util-is/-/core-util-is-1.0.2.tgz",
      "integrity": "sha1-tf1UIgqivFq1eqtxQMlAdUUDwac="
    },
    "css-select": {
      "version": "1.0.0",
      "resolved": "https://registry.npmjs.org/css-select/-/css-select-1.0.0.tgz",
      "integrity": "sha1-sRIcpRhI3SZOIkTQWM7iVN7rRLA=",
      "requires": {
        "boolbase": "1.0.0",
        "css-what": "1.0.0",
        "domutils": "1.4.3",
        "nth-check": "1.0.1"
      }
    },
    "css-what": {
      "version": "1.0.0",
      "resolved": "https://registry.npmjs.org/css-what/-/css-what-1.0.0.tgz",
      "integrity": "sha1-18wt9FGAZm+Z0rFEYmOUaeAPc2w="
    },
    "dom-serializer": {
      "version": "0.1.0",
      "resolved": "https://registry.npmjs.org/dom-serializer/-/dom-serializer-0.1.0.tgz",
      "integrity": "sha1-BzxpdUbOB4DOI75KKOKT5AvDDII=",
      "requires": {
        "domelementtype": "1.1.3",
        "entities": "1.1.1"
      },
      "dependencies": {
        "domelementtype": {
          "version": "1.1.3",
          "resolved": "https://registry.npmjs.org/domelementtype/-/domelementtype-1.1.3.tgz",
          "integrity": "sha1-vSh3PiZCiBrsUVRJJCmcXNgiGFs="
        }
      }
    },
    "domelementtype": {
      "version": "1.3.0",
      "resolved": "https://registry.npmjs.org/domelementtype/-/domelementtype-1.3.0.tgz",
      "integrity": "sha1-sXrtguirWeUt2cGbF1bg/BhyBMI="
    },
    "domhandler": {
      "version": "2.3.0",
      "resolved": "https://registry.npmjs.org/domhandler/-/domhandler-2.3.0.tgz",
      "integrity": "sha1-LeWaCCLVAn+r/28DLCsloqir5zg=",
      "requires": {
        "domelementtype": "1.3.0"
      }
    },
    "domutils": {
      "version": "1.4.3",
      "resolved": "https://registry.npmjs.org/domutils/-/domutils-1.4.3.tgz",
      "integrity": "sha1-CGVRN5bGswYDGFDhdVFrr4C3Km8=",
      "requires": {
        "domelementtype": "1.3.0"
      }
    },
    "emojify.js": {
      "version": "1.1.0",
      "resolved": "https://registry.npmjs.org/emojify.js/-/emojify.js-1.1.0.tgz",
      "integrity": "sha1-B5//IjMHyQB/VweF6OSTXVw5i+s="
    },
    "entities": {
      "version": "1.1.1",
      "resolved": "https://registry.npmjs.org/entities/-/entities-1.1.1.tgz",
      "integrity": "sha1-blwtClYhtdra7O+AuQ7ftc13cvA="
    },
    "get-md-desc": {
      "version": "1.0.2",
      "resolved": "https://registry.npmjs.org/get-md-desc/-/get-md-desc-1.0.2.tgz",
      "integrity": "sha1-6PS2+58EzO2UXZY9GKP4A2JDyKo=",
      "requires": {
        "commonmark-helpers": "0.4.1",
        "trim-html-tag": "1.0.5"
      }
    },
    "get-md-title": {
      "version": "1.0.4",
      "resolved": "https://registry.npmjs.org/get-md-title/-/get-md-title-1.0.4.tgz",
      "integrity": "sha1-2uo3qVovexNsK93fqRfZp9/XDBU=",
      "requires": {
        "commonmark-helpers": "0.4.1",
        "trim-html-tag": "1.0.5"
      }
    },
    "gitbook-plugin-ace": {
      "version": "0.3.2",
      "resolved": "https://registry.npmjs.org/gitbook-plugin-ace/-/gitbook-plugin-ace-0.3.2.tgz",
      "integrity": "sha1-rzPwQ9g+8DFi3/KIDopvQkOx5Y8=",
      "requires": {
        "highlight.js": "9.12.0",
        "html-escape": "1.0.2"
      }
    },
    "gitbook-plugin-advanced-emoji": {
      "version": "0.2.2",
      "resolved": "https://registry.npmjs.org/gitbook-plugin-advanced-emoji/-/gitbook-plugin-advanced-emoji-0.2.2.tgz",
      "integrity": "sha1-CLzGn2KnSc1pIEQ1J2UYyUHDGeM=",
      "requires": {
        "emojify.js": "1.1.0"
      }
    },
    "gitbook-plugin-alerts": {
      "version": "0.2.0",
      "resolved": "https://registry.npmjs.org/gitbook-plugin-alerts/-/gitbook-plugin-alerts-0.2.0.tgz",
      "integrity": "sha1-yMd4tBeY+AiwO+uQiCLpKKT74Tc="
    },
    "gitbook-plugin-emphasize": {
      "version": "1.1.0",
      "resolved": "https://registry.npmjs.org/gitbook-plugin-emphasize/-/gitbook-plugin-emphasize-1.1.0.tgz",
      "integrity": "sha1-hjjLFuXWT8aps6tM9R8IQd8cs90="
    },
    "gitbook-plugin-expandable-chapters-small": {
      "version": "0.1.7",
      "resolved": "https://registry.npmjs.org/gitbook-plugin-expandable-chapters-small/-/gitbook-plugin-expandable-chapters-small-0.1.7.tgz",
      "integrity": "sha1-r8nll7aFEVb6ewAjH/irk/T+ukw="
    },
    "gitbook-plugin-github": {
      "version": "2.0.0",
      "resolved": "https://registry.npmjs.org/gitbook-plugin-github/-/gitbook-plugin-github-2.0.0.tgz",
      "integrity": "sha1-UWbnY8/MQC1DKIC3pshcHFS1ao0="
    },
    "gitbook-plugin-github-buttons": {
      "version": "3.0.0",
      "resolved": "https://registry.npmjs.org/gitbook-plugin-github-buttons/-/gitbook-plugin-github-buttons-3.0.0.tgz",
      "integrity": "sha512-Lqbsw+FRMPtJH/aj8Cz5JwsjQigAMiSNPKKp/SGsHr5KVzAIbjsBJNIjrKAtuagKboXnj8mqY5a5VLcQPt0tGQ=="
    },
    "gitbook-plugin-rss": {
      "version": "3.0.2",
      "resolved": "https://registry.npmjs.org/gitbook-plugin-rss/-/gitbook-plugin-rss-3.0.2.tgz",
      "integrity": "sha1-SqSvDgxBHHgbfVqO+tVUlhaUbNw=",
      "requires": {
        "get-md-desc": "1.0.2",
        "get-md-title": "1.0.4",
        "rss": "1.2.2"
      }
    },
    "gitbook-plugin-search-plus": {
      "version": "1.0.3",
      "resolved": "https://registry.npmjs.org/gitbook-plugin-search-plus/-/gitbook-plugin-search-plus-1.0.3.tgz",
      "integrity": "sha1-oy7GCZ5WQTkCJMv3XIx34PiuMVw=",
      "requires": {
        "html-entities": "1.2.0"
      }
    },
    "gitbook-plugin-sharing-plus": {
      "version": "0.0.2",
      "resolved": "https://registry.npmjs.org/gitbook-plugin-sharing-plus/-/gitbook-plugin-sharing-plus-0.0.2.tgz",
      "integrity": "sha1-FstYGACikvAbvY19Ic6jID0Jcz8=",
      "requires": {
        "lodash": "3.10.1"
      }
    },
    "gitbook-plugin-tbfed-pagefooter": {
      "version": "0.0.1",
      "resolved": "https://registry.npmjs.org/gitbook-plugin-tbfed-pagefooter/-/gitbook-plugin-tbfed-pagefooter-0.0.1.tgz",
      "integrity": "sha1-Fu54QGLdhQQmTEd+h2X8ScQb7T0=",
      "requires": {
        "moment": "2.22.1"
      }
    },
    "gitbook-plugin-todo": {
      "version": "0.1.3",
      "resolved": "https://registry.npmjs.org/gitbook-plugin-todo/-/gitbook-plugin-todo-0.1.3.tgz",
      "integrity": "sha1-5AkQtRwn3VVJVi70VUjEQVKeYF8=",
      "requires": {
        "cheerio": "0.19.0",
        "underscore": "1.9.0"
      }
    },
    "highlight.js": {
      "version": "9.12.0",
      "resolved": "https://registry.npmjs.org/highlight.js/-/highlight.js-9.12.0.tgz",
      "integrity": "sha1-5tnb5Xy+/mB1HwKvM2GVhwyQwB4="
    },
    "html-entities": {
      "version": "1.2.0",
      "resolved": "https://registry.npmjs.org/html-entities/-/html-entities-1.2.0.tgz",
      "integrity": "sha1-QZSMr4XOgv7Tbk5qDtNxpmZDeeI="
    },
    "html-escape": {
      "version": "1.0.2",
      "resolved": "https://registry.npmjs.org/html-escape/-/html-escape-1.0.2.tgz",
      "integrity": "sha1-X6eHwFaAkP4zLtWzz0qk9kZCGnQ="
    },
    "htmlparser2": {
      "version": "3.8.3",
      "resolved": "https://registry.npmjs.org/htmlparser2/-/htmlparser2-3.8.3.tgz",
      "integrity": "sha1-mWwosZFRaovoZQGn15dX5ccMEGg=",
      "requires": {
        "domelementtype": "1.3.0",
        "domhandler": "2.3.0",
        "domutils": "1.5.1",
        "entities": "1.0.0",
        "readable-stream": "1.1.14"
      },
      "dependencies": {
        "domutils": {
          "version": "1.5.1",
          "resolved": "https://registry.npmjs.org/domutils/-/domutils-1.5.1.tgz",
          "integrity": "sha1-3NhIiib1Y9YQeeSMn3t+Mjc2gs8=",
          "requires": {
            "dom-serializer": "0.1.0",
            "domelementtype": "1.3.0"
          }
        },
        "entities": {
          "version": "1.0.0",
          "resolved": "https://registry.npmjs.org/entities/-/entities-1.0.0.tgz",
          "integrity": "sha1-sph6o4ITR/zeZCsk/fyeT7cSvyY="
        }
      }
    },
    "inherits": {
      "version": "2.0.3",
      "resolved": "https://registry.npmjs.org/inherits/-/inherits-2.0.3.tgz",
      "integrity": "sha1-Yzwsg+PaQqUC9SRmAiSA9CCCYd4="
    },
    "isarray": {
      "version": "0.0.1",
      "resolved": "https://registry.npmjs.org/isarray/-/isarray-0.0.1.tgz",
      "integrity": "sha1-ihis/Kmo9Bd+Cav8YDiTmwXR7t8="
    },
    "lodash": {
      "version": "3.10.1",
      "resolved": "https://registry.npmjs.org/lodash/-/lodash-3.10.1.tgz",
      "integrity": "sha1-W/Rejkm6QYnhfUgnid/RW9FAt7Y="
    },
    "mdurl": {
      "version": "1.0.1",
      "resolved": "https://registry.npmjs.org/mdurl/-/mdurl-1.0.1.tgz",
      "integrity": "sha1-/oWy7HWlkDfyrf7BAP1sYBdhFS4="
    },
    "mime-db": {
      "version": "1.25.0",
      "resolved": "https://registry.npmjs.org/mime-db/-/mime-db-1.25.0.tgz",
      "integrity": "sha1-wY29fHOl2/b0SgJNwNFloeexw5I="
    },
    "mime-types": {
      "version": "2.1.13",
      "resolved": "https://registry.npmjs.org/mime-types/-/mime-types-2.1.13.tgz",
      "integrity": "sha1-4HqqnGxrmnyjASxpADrSWjnpKog=",
      "requires": {
        "mime-db": "1.25.0"
      }
    },
    "moment": {
      "version": "2.22.1",
      "resolved": "https://registry.npmjs.org/moment/-/moment-2.22.1.tgz",
      "integrity": "sha1-Upoum/lz8lnJZD0jf9qE3jom6K0="
    },
    "nth-check": {
      "version": "1.0.1",
      "resolved": "https://registry.npmjs.org/nth-check/-/nth-check-1.0.1.tgz",
      "integrity": "sha1-mSms32KPwsQQmN6rgqxYDPFJquQ=",
      "requires": {
        "boolbase": "1.0.0"
      }
    },
    "ramda": {
      "version": "0.17.1",
      "resolved": "https://registry.npmjs.org/ramda/-/ramda-0.17.1.tgz",
      "integrity": "sha1-TBmBR9OrVOjBUlXxFzDiEW9uYHM="
    },
    "readable-stream": {
      "version": "1.1.14",
      "resolved": "https://registry.npmjs.org/readable-stream/-/readable-stream-1.1.14.tgz",
      "integrity": "sha1-fPTFTvZI44EwhMY23SB54WbAgdk=",
      "requires": {
        "core-util-is": "1.0.2",
        "inherits": "2.0.3",
        "isarray": "0.0.1",
        "string_decoder": "0.10.31"
      }
    },
    "rss": {
      "version": "1.2.2",
      "resolved": "https://registry.npmjs.org/rss/-/rss-1.2.2.tgz",
      "integrity": "sha1-UKFpiHYTgTOnT5oF0r3I240nqSE=",
      "requires": {
        "mime-types": "2.1.13",
        "xml": "1.0.1"
      }
    },
    "string.prototype.repeat": {
      "version": "0.2.0",
      "resolved": "https://registry.npmjs.org/string.prototype.repeat/-/string.prototype.repeat-0.2.0.tgz",
      "integrity": "sha1-q6Nt4I3O5qWjN9SbLqHaGyj8Ds8="
    },
    "string_decoder": {
      "version": "0.10.31",
      "resolved": "https://registry.npmjs.org/string_decoder/-/string_decoder-0.10.31.tgz",
      "integrity": "sha1-YuIDvEF2bGwoyfyEMB2rHFMQ+pQ="
    },
    "trim-html-tag": {
      "version": "1.0.5",
      "resolved": "https://registry.npmjs.org/trim-html-tag/-/trim-html-tag-1.0.5.tgz",
      "integrity": "sha1-u+rNf8P8wELOcC+RqtHM2dBad64=",
      "requires": {
        "ramda": "0.17.1"
      }
    },
    "underscore": {
      "version": "1.9.0",
      "resolved": "https://registry.npmjs.org/underscore/-/underscore-1.9.0.tgz",
      "integrity": "sha1-MduzFM/MiPFpzTaS2RSdgaAKc+Q="
    },
    "xml": {
      "version": "1.0.1",
      "resolved": "https://registry.npmjs.org/xml/-/xml-1.0.1.tgz",
      "integrity": "sha1-eLpyAgApxbyHuKgaPPzXS0ovweU="
    }
  }
}
